Microsoft Visual Studio Solution File, Format Version 11.00
# Visual Studio 2008

Project("{9A7C79AD-D34E-F9D5-3FE7-618D325B5486}") = "New Unity Project copy", "Assembly-CSharp.csproj", "{9552C203-7F21-C6DE-BEBE-FAA62D476BC2}"
EndProject
Global
	GlobalSection(SolutionConfigurationPlatforms) = preSolution
		Debug|Any CPU = Debug|Any CPU
		Release|Any CPU = Release|Any CPU
	EndGlobalSection
	GlobalSection(ProjectConfigurationPlatforms) = postSolution
		{9552C203-7F21-C6DE-BEBE-FAA62D476BC2}.Debug|Any CPU.ActiveCfg = Debug|Any CPU
		{9552C203-7F21-C6DE-BEBE-FAA62D476BC2}.Debug|Any CPU.Build.0 = Debug|Any CPU
		{9552C203-7F21-C6DE-BEBE-FAA62D476BC2}.Release|Any CPU.ActiveCfg = Release|Any CPU
		{9552C203-7F21-C6DE-BEBE-FAA62D476BC2}.Release|Any CPU.Build.0 = Release|Any CPU
	EndGlobalSection
	GlobalSection(SolutionProperties) = preSolution
		HideSolutionNode = FALSE
	EndGlobalSection
	GlobalSection(MonoDevelopProperties) = preSolution
		StartupItem = Assembly-CSharp.csproj
	EndGlobalSection
EndGlobal
